
Microsoft Visual Studio Solution File, Format Version 12.00
Project("{FAE04EC0-301F-11D3-BF4B-00C04F79EFBC}") = "Poseidon", "Poseidon\Poseidon.csproj", "{1DAA0FBD-1B09-4C5B-A693-8476A7D3DEBD}"
EndProject
Project("{FAE04EC0-301F-11D3-BF4B-00C04F79EFBC}") = "Poseidon.Test", "Poseidon.Test\Poseidon.Test.csproj", "{F9CDAEC1-8A75-4C7C-A5C3-3736F8169762}"
EndProject
Global
	GlobalSection(SolutionConfigurationPlatforms) = preSolution
		Debug|Any CPU = Debug|Any CPU
		Release|Any CPU = Release|Any CPU
	EndGlobalSection
	GlobalSection(ProjectConfigurationPlatforms) = postSolution
		{1DAA0FBD-1B09-4C5B-A693-8476A7D3DEBD}.Debug|Any CPU.ActiveCfg = Debug|Any CPU
		{1DAA0FBD-1B09-4C5B-A693-8476A7D3DEBD}.Debug|Any CPU.Build.0 = Debug|Any CPU
		{1DAA0FBD-1B09-4C5B-A693-8476A7D3DEBD}.Release|Any CPU.ActiveCfg = Release|Any CPU
		{1DAA0FBD-1B09-4C5B-A693-8476A7D3DEBD}.Release|Any CPU.Build.0 = Release|Any CPU
		{1DAA0FBD-1B09-4C5B-A693-8476A7D3DEBD}.Release|Any CPU.Deploy.0 = Release|Any CPU
		{F9CDAEC1-8A75-4C7C-A5C3-3736F8169762}.Debug|Any CPU.ActiveCfg = Debug|Any CPU
		{F9CDAEC1-8A75-4C7C-A5C3-3736F8169762}.Debug|Any CPU.Build.0 = Debug|Any CPU
		{F9CDAEC1-8A75-4C7C-A5C3-3736F8169762}.Release|Any CPU.ActiveCfg = Release|Any CPU
		{F9CDAEC1-8A75-4C7C-A5C3-3736F8169762}.Release|Any CPU.Build.0 = Release|Any CPU
	EndGlobalSection
EndGlobal
